
Microsoft Visual Studio Solution File, Format Version 12.00
# Visual Studio Version 17
VisualStudioVersion = 17.11.35222.181
MinimumVisualStudioVersion = 10.0.40219.1
Project("{FAE04EC0-301F-11D3-BF4B-00C04F79EFBC}") = "ClaimProcessor", "ClaimProcessor\ClaimProcessor.csproj", "{70A781F9-F59E-4CAA-8AF0-A42143D6C2D1}"
EndProject
Project("{FAE04EC0-301F-11D3-BF4B-00C04F79EFBC}") = "ClaimProcessor.Test", "ClaimProcessor.Test\ClaimProcessor.Test.csproj", "{3EA9154C-C5D2-4C33-957B-36E9F8D0DE40}"
EndProject
Global
	GlobalSection(SolutionConfigurationPlatforms) = preSolution
		Debug|Any CPU = Debug|Any CPU
		Release|Any CPU = Release|Any CPU
	EndGlobalSection
	GlobalSection(ProjectConfigurationPlatforms) = postSolution
		{70A781F9-F59E-4CAA-8AF0-A42143D6C2D1}.Debug|Any CPU.ActiveCfg = Debug|Any CPU
		{70A781F9-F59E-4CAA-8AF0-A42143D6C2D1}.Debug|Any CPU.Build.0 = Debug|Any CPU
		{70A781F9-F59E-4CAA-8AF0-A42143D6C2D1}.Release|Any CPU.ActiveCfg = Release|Any CPU
		{70A781F9-F59E-4CAA-8AF0-A42143D6C2D1}.Release|Any CPU.Build.0 = Release|Any CPU
		{3EA9154C-C5D2-4C33-957B-36E9F8D0DE40}.Debug|Any CPU.ActiveCfg = Debug|Any CPU
		{3EA9154C-C5D2-4C33-957B-36E9F8D0DE40}.Debug|Any CPU.Build.0 = Debug|Any CPU
		{3EA9154C-C5D2-4C33-957B-36E9F8D0DE40}.Release|Any CPU.ActiveCfg = Release|Any CPU
		{3EA9154C-C5D2-4C33-957B-36E9F8D0DE40}.Release|Any CPU.Build.0 = Release|Any CPU
	EndGlobalSection
	GlobalSection(SolutionProperties) = preSolution
		HideSolutionNode = FALSE
	EndGlobalSection
	GlobalSection(ExtensibilityGlobals) = postSolution
		SolutionGuid = {E29836B1-4940-4377-BDA1-CC2FF73059D9}
	EndGlobalSection
EndGlobal
